# THIS IS AN AUTOGENERATED FILE. DO NOT EDIT THIS FILE DIRECTLY.
# yarn lockfile v1


"@babel/helper-annotate-as-pure@^7.0.0":
  version "7.0.0"
  resolved "https://registry.npm.taobao.org/@babel/helper-annotate-as-pure/download/@babel/helper-annotate-as-pure-7.0.0.tgz#323d39dd0b50e10c7c06ca7d7638e6864d8c5c32"
  integrity sha1-Mj053QtQ4Qx8Bsp9djjmhk2MXDI=
  dependencies:
    "@babel/types" "^7.0.0"

"@babel/helper-module-imports@^7.0.0":
  version "7.0.0"
  resolved "https://registry.npm.taobao.org/@babel/helper-module-imports/download/@babel/helper-module-imports-7.0.0.tgz#96081b7111e486da4d2cd971ad1a4fe216cc2e3d"
  integrity sha1-lggbcRHkhtpNLNlxrRpP4hbMLj0=
  dependencies:
    "@babel/types" "^7.0.0"

"@babel/types@^7.0.0":
  version "7.4.4"
  resolved "https://registry.npm.taobao.org/@babel/types/download/@babel/types-7.4.4.tgz#8db9e9a629bb7c29370009b4b779ed93fe57d5f0"
  integrity sha1-jbnppim7fCk3AAm0t3ntk/5X1fA=
  dependencies:
    esutils "^2.0.2"
    lodash "^4.17.11"
    to-fast-properties "^2.0.0"

"@emotion/is-prop-valid@^0.7.3":
  version "0.7.3"
  resolved "https://registry.npm.taobao.org/@emotion/is-prop-valid/download/@emotion/is-prop-valid-0.7.3.tgz#a6bf4fa5387cbba59d44e698a4680f481a8da6cc"
  integrity sha1-pr9PpTh8u6WdROaYpGgPSBqNpsw=
  dependencies:
    "@emotion/memoize" "0.7.1"

"@emotion/memoize@0.7.1":
  version "0.7.1"
  resolved "https://registry.npm.taobao.org/@emotion/memoize/download/@emotion/memoize-0.7.1.tgz#e93c13942592cf5ef01aa8297444dc192beee52f"
  integrity sha1-6TwTlCWSz17wGqgpdETcGSvu5S8=

"@emotion/unitless@^0.7.0":
  version "0.7.3"
  resolved "https://registry.npm.taobao.org/@emotion/unitless/download/@emotion/unitless-0.7.3.tgz#6310a047f12d21a1036fb031317219892440416f"
  integrity sha1-YxCgR/EtIaEDb7AxMXIZiSRAQW8=

"@types/anymatch@*":
  version "1.3.1"
  resolved "https://registry.npm.taobao.org/@types/anymatch/download/@types/anymatch-1.3.1.tgz#336badc1beecb9dacc38bea2cf32adf627a8421a"
  integrity sha1-M2utwb7sudrMOL6izzKt9ieoQho=

"@types/cheerio@^0.22.10":
  version "0.22.11"
  resolved "https://registry.npm.taobao.org/@types/cheerio/download/@types/cheerio-0.22.11.tgz#61c0facf9636d14ba5f77fc65ed8913aa845d717"
  integrity sha1-YcD6z5Y20Uul93/GXtiROqhF1xc=
  dependencies:
    "@types/node" "*"

"@types/node@*":
  version "12.0.3"
  resolved "https://registry.npm.taobao.org/@types/node/download/@types/node-12.0.3.tgz#5d8d24e0033fc6393efadc85cb59c1f638095c9a"
  integrity sha1-XY0k4AM/xjk++tyFy1nB9jgJXJo=

"@types/tapable@*":
  version "1.0.4"
  resolved "https://registry.npm.taobao.org/@types/tapable/download/@types/tapable-1.0.4.tgz#b4ffc7dc97b498c969b360a41eee247f82616370"
  integrity sha1-tP/H3Je0mMlps2CkHu4kf4JhY3A=

"@types/uglify-js@*":
  version "3.0.4"
  resolved "https://registry.npm.taobao.org/@types/uglify-js/download/@types/uglify-js-3.0.4.tgz#96beae23df6f561862a830b4288a49e86baac082"
  integrity sha1-lr6uI99vVhhiqDC0KIpJ6GuqwII=
  dependencies:
    source-map "^0.6.1"

"@types/webpack-chain@^5.0.1":
  version "5.2.0"
  resolved "https://registry.npm.taobao.org/@types/webpack-chain/download/@types/webpack-chain-5.2.0.tgz#ccd2d75d57e962ad7372077701ce2c711fc985c6"
  integrity sha1-zNLXXVfpYq1zcgd3Ac4scR/JhcY=
  dependencies:
    webpack-chain "*"

"@types/webpack@^4.4.23":
  version "4.4.32"
  resolved "https://registry.npm.taobao.org/@types/webpack/download/@types/webpack-4.4.32.tgz#2d460cd33a15e568e93f38de5e628cf846396c51"
  integrity sha1-LUYM0zoV5WjpPzjeXmKM+EY5bFE=
  dependencies:
    "@types/anymatch" "*"
    "@types/node" "*"
    "@types/tapable" "*"
    "@types/uglify-js" "*"
    source-map "^0.6.0"

"babel-plugin-styled-components@>= 1":
  version "1.10.0"
  resolved "https://registry.npm.taobao.org/babel-plugin-styled-components/download/babel-plugin-styled-components-1.10.0.tgz#ff1f42ad2cc78c21f26b62266b8f564dbc862939"
  integrity sha1-/x9CrSzHjCHya2Ima49WTbyGKTk=
  dependencies:
    "@babel/helper-annotate-as-pure" "^7.0.0"
    "@babel/helper-module-imports" "^7.0.0"
    babel-plugin-syntax-jsx "^6.18.0"
    lodash "^4.17.10"

babel-plugin-syntax-jsx@^6.18.0:
  version "6.18.0"
  resolved "https://registry.npm.taobao.org/babel-plugin-syntax-jsx/download/babel-plugin-syntax-jsx-6.18.0.tgz#0af32a9a6e13ca7a3fd5069e62d7b0f58d0d8946"
  integrity sha1-CvMqmm4Tyno/1QaeYtew9Y0NiUY=

camelize@^1.0.0:
  version "1.0.0"
  resolved "https://registry.npm.taobao.org/camelize/download/camelize-1.0.0.tgz#164a5483e630fa4321e5af07020e531831b2609b"
  integrity sha1-FkpUg+Yw+kMh5a8HAg5TGDGyYJs=

css-color-keywords@^1.0.0:
  version "1.0.0"
  resolved "https://registry.npm.taobao.org/css-color-keywords/download/css-color-keywords-1.0.0.tgz#fea2616dc676b2962686b3af8dbdbe180b244e05"
  integrity sha1-/qJhbcZ2spYmhrOvjb2+GAskTgU=

css-to-react-native@^2.2.2:
  version "2.3.1"
  resolved "https://registry.npm.taobao.org/css-to-react-native/download/css-to-react-native-2.3.1.tgz#cf0f61e0514846e2d4dc188b0886e29d8bef64a2"
  integrity sha1-zw9h4FFIRuLU3BiLCIbinYvvZKI=
  dependencies:
    camelize "^1.0.0"
    css-color-keywords "^1.0.0"
    postcss-value-parser "^3.3.0"

deepmerge@^1.5.2:
  version "1.5.2"
  resolved "https://registry.npm.taobao.org/deepmerge/download/deepmerge-1.5.2.tgz#10499d868844cdad4fee0842df8c7f6f0c95a753"
  integrity sha1-EEmdhohEza1P7ghC34x/bwyVp1M=

esutils@^2.0.2:
  version "2.0.2"
  resolved "https://registry.npm.taobao.org/esutils/download/esutils-2.0.2.tgz#0abf4f1caa5bcb1f7a9d8acc6dea4faaa04bac9b"
  integrity sha1-Cr9PHKpbyx96nYrMbepPqqBLrJs=

has-flag@^3.0.0:
  version "3.0.0"
  resolved "https://registry.npm.taobao.org/has-flag/download/has-flag-3.0.0.tgz#b5d454dc2199ae225699f3467e5a07f3b955bafd"
  integrity sha1-tdRU3CGZriJWmfNGfloH87lVuv0=

javascript-stringify@^2.0.0:
  version "2.0.0"
  resolved "https://registry.npm.taobao.org/javascript-stringify/download/javascript-stringify-2.0.0.tgz#ef750216ae66504ffd670b68c8b8aa07bdf7b588"
  integrity sha1-73UCFq5mUE/9ZwtoyLiqB733tYg=

"js-tokens@^3.0.0 || ^4.0.0":
  version "4.0.0"
  resolved "https://registry.npm.taobao.org/js-tokens/download/js-tokens-4.0.0.tgz#19203fb59991df98e3a287050d4647cdeaf32499"
  integrity sha1-GSA/tZmR35jjoocFDUZHzerzJJk=

lodash@^4.17.10, lodash@^4.17.11:
  version "4.17.21"
  resolved "https://registry.yarnpkg.com/lodash/-/lodash-4.17.21.tgz#679591c564c3bffaae8454cf0b3df370c3d6911c"
  integrity sha512-v2kDEe57lecTulaDIuNTPy3Ry4gLGJ6Z1O3vE1krgXZNrsQ+LFTGHVxVjcXPs17LhbZVGedAJv8XZ1tvj5FvSg==

loose-envify@^1.4.0:
  version "1.4.0"
  resolved "https://registry.npm.taobao.org/loose-envify/download/loose-envify-1.4.0.tgz#71ee51fa7be4caec1a63839f7e682d8132d30caf"
  integrity sha1-ce5R+nvkyuwaY4OffmgtgTLTDK8=
  dependencies:
    js-tokens "^3.0.0 || ^4.0.0"

memoize-one@^5.0.0:
  version "5.0.4"
  resolved "https://registry.npm.taobao.org/memoize-one/download/memoize-one-5.0.4.tgz#005928aced5c43d890a4dfab18ca908b0ec92cbc"
  integrity sha1-AFkorO1cQ9iQpN+rGMqQiw7JLLw=

object-assign@^4.1.1:
  version "4.1.1"
  resolved "https://registry.npm.taobao.org/object-assign/download/object-assign-4.1.1.tgz?cache=0&other_urls=https%3A%2F%2Fregistry.npm.taobao.org%2Fobject-assign%2Fdownload%2Fobject-assign-4.1.1.tgz#2109adc7965887cfc05cbbd442cac8bfbb360863"
  integrity sha1-IQmtx5ZYh8/AXLvUQsrIv7s2CGM=

postcss-value-parser@^3.3.0:
  version "3.3.1"
  resolved "https://registry.npm.taobao.org/postcss-value-parser/download/postcss-value-parser-3.3.1.tgz#9ff822547e2893213cf1c30efa51ac5fd1ba8281"
  integrity sha1-n/giVH4okyE88cMO+lGsX9G6goE=

prop-types@^15.5.4:
  version "15.7.2"
  resolved "https://registry.npm.taobao.org/prop-types/download/prop-types-15.7.2.tgz#52c41e75b8c87e72b9d9360e0206b99dcbffa6c5"
  integrity sha1-UsQedbjIfnK52TYOAga5ncv/psU=
  dependencies:
    loose-envify "^1.4.0"
    object-assign "^4.1.1"
    react-is "^16.8.1"

react-is@^16.6.0, react-is@^16.8.1:
  version "16.8.6"
  resolved "https://registry.npm.taobao.org/react-is/download/react-is-16.8.6.tgz#5bbc1e2d29141c9fbdfed456343fe2bc430a6a16"
  integrity sha1-W7weLSkUHJ+9/tRWND/ivEMKahY=

source-map@^0.6.0, source-map@^0.6.1:
  version "0.6.1"
  resolved "https://registry.npm.taobao.org/source-map/download/source-map-0.6.1.tgz#74722af32e9614e9c287a8d0bbde48b5e2f1a263"
  integrity sha1-dHIq8y6WFOnCh6jQu95IteLxomM=

styled-components@~4.2.0:
  version "4.2.0"
  resolved "https://registry.npm.taobao.org/styled-components/download/styled-components-4.2.0.tgz#811fbbec4d64c7189f6c7482b9eb6fefa7fefef7"
  integrity sha1-gR+77E1kxxifbHSCuetv76f+/vc=
  dependencies:
    "@babel/helper-module-imports" "^7.0.0"
    "@emotion/is-prop-valid" "^0.7.3"
    "@emotion/unitless" "^0.7.0"
    babel-plugin-styled-components ">= 1"
    css-to-react-native "^2.2.2"
    memoize-one "^5.0.0"
    prop-types "^15.5.4"
    react-is "^16.6.0"
    stylis "^3.5.0"
    stylis-rule-sheet "^0.0.10"
    supports-color "^5.5.0"

stylis-rule-sheet@^0.0.10:
  version "0.0.10"
  resolved "https://registry.npm.taobao.org/stylis-rule-sheet/download/stylis-rule-sheet-0.0.10.tgz#44e64a2b076643f4b52e5ff71efc04d8c3c4a430"
  integrity sha1-ROZKKwdmQ/S1Ll/3HvwE2MPEpDA=

stylis@^3.5.0:
  version "3.5.4"
  resolved "https://registry.npm.taobao.org/stylis/download/stylis-3.5.4.tgz#f665f25f5e299cf3d64654ab949a57c768b73fbe"
  integrity sha1-9mXyX14pnPPWRlSrlJpXx2i3P74=

supports-color@^5.5.0:
  version "5.5.0"
  resolved "https://registry.npm.taobao.org/supports-color/download/supports-color-5.5.0.tgz#e2e69a44ac8772f78a1ec0b35b689df6530efc8f"
  integrity sha1-4uaaRKyHcveKHsCzW2id9lMO/I8=
  dependencies:
    has-flag "^3.0.0"

to-fast-properties@^2.0.0:
  version "2.0.0"
  resolved "https://registry.npm.taobao.org/to-fast-properties/download/to-fast-properties-2.0.0.tgz#dc5e698cbd079265bc73e0377681a4e4e83f616e"
  integrity sha1-3F5pjL0HkmW8c+A3doGk5Og/YW4=

umi-types@~0.3.0:
  version "0.3.5"
  resolved "https://registry.npm.taobao.org/umi-types/download/umi-types-0.3.5.tgz#c35e158bae49f84e3096ce1198062a51d2020021"
  integrity sha1-w14Vi65J+E4wls4RmAYqUdICACE=
  dependencies:
    "@types/cheerio" "^0.22.10"
    "@types/webpack" "^4.4.23"
    "@types/webpack-chain" "^5.0.1"

webpack-chain@*:
  version "6.0.0"
  resolved "https://registry.npm.taobao.org/webpack-chain/download/webpack-chain-6.0.0.tgz#9c36525a1271a54e7bfd1791199b395f400ae4f1"
  integrity sha1-nDZSWhJxpU57/ReRGZs5X0AK5PE=
  dependencies:
    deepmerge "^1.5.2"
    javascript-stringify "^2.0.0"
